
Microsoft Visual Studio Solution File, Format Version 12.00
# Visual Studio Version 17
VisualStudioVersion = 17.9.34622.214
MinimumVisualStudioVersion = 10.0.40219.1
Project("{FAE04EC0-301F-11D3-BF4B-00C04F79EFBC}") = "ManejoPresupuesto", "ManejoPresupuesto\ManejoPresupuesto.csproj", "{5C46F563-3CCD-4CBC-9C72-D374E185753E}"
EndProject
Global
	GlobalSection(SolutionConfigurationPlatforms) = preSolution
		Debug|Any CPU = Debug|Any CPU
		Release|Any CPU = Release|Any CPU
	EndGlobalSection
	GlobalSection(ProjectConfigurationPlatforms) = postSolution
		{5C46F563-3CCD-4CBC-9C72-D374E185753E}.Debug|Any CPU.ActiveCfg = Debug|Any CPU
		{5C46F563-3CCD-4CBC-9C72-D374E185753E}.Debug|Any CPU.Build.0 = Debug|Any CPU
		{5C46F563-3CCD-4CBC-9C72-D374E185753E}.Release|Any CPU.ActiveCfg = Release|Any CPU
		{5C46F563-3CCD-4CBC-9C72-D374E185753E}.Release|Any CPU.Build.0 = Release|Any CPU
	EndGlobalSection
	GlobalSection(SolutionProperties) = preSolution
		HideSolutionNode = FALSE
	EndGlobalSection
	GlobalSection(ExtensibilityGlobals) = postSolution
		SolutionGuid = {0808CCDB-8EDE-457C-B388-97A97438B224}
	EndGlobalSection
EndGlobal
